
Microsoft Visual Studio Solution File, Format Version 12.00
# Visual Studio Version 16
VisualStudioVersion = 16.0.30717.126
MinimumVisualStudioVersion = 10.0.40219.1
Project("{FAE04EC0-301F-11D3-BF4B-00C04F79EFBC}") = "TimeGraphServer", "TimeGraphServer.csproj", "{4119E94D-93A3-48F4-9E56-8EA1B4094520}"
EndProject
Global
	GlobalSection(SolutionConfigurationPlatforms) = preSolution
		Debug|Any CPU = Debug|Any CPU
		Release|Any CPU = Release|Any CPU
	EndGlobalSection
	GlobalSection(ProjectConfigurationPlatforms) = postSolution
		{4119E94D-93A3-48F4-9E56-8EA1B4094520}.Debug|Any CPU.ActiveCfg = Debug|Any CPU
		{4119E94D-93A3-48F4-9E56-8EA1B4094520}.Debug|Any CPU.Build.0 = Debug|Any CPU
		{4119E94D-93A3-48F4-9E56-8EA1B4094520}.Release|Any CPU.ActiveCfg = Release|Any CPU
		{4119E94D-93A3-48F4-9E56-8EA1B4094520}.Release|Any CPU.Build.0 = Release|Any CPU
	EndGlobalSection
	GlobalSection(SolutionProperties) = preSolution
		HideSolutionNode = FALSE
	EndGlobalSection
	GlobalSection(ExtensibilityGlobals) = postSolution
		SolutionGuid = {42797FFD-E549-4F7B-90BA-853C529C6EB1}
	EndGlobalSection
EndGlobal
